
Microsoft Visual Studio Solution File, Format Version 12.00
# Visual Studio Version 16
VisualStudioVersion = 16.0.31112.23
MinimumVisualStudioVersion = 10.0.40219.1
Project("{FAE04EC0-301F-11D3-BF4B-00C04F79EFBC}") = "Maket", "Maket\Maket.csproj", "{FF420BC7-F764-4668-9089-9F5FC2B682AF}"
EndProject
Global
	GlobalSection(SolutionConfigurationPlatforms) = preSolution
		Debug|Any CPU = Debug|Any CPU
		Release|Any CPU = Release|Any CPU
	EndGlobalSection
	GlobalSection(ProjectConfigurationPlatforms) = postSolution
		{FF420BC7-F764-4668-9089-9F5FC2B682AF}.Debug|Any CPU.ActiveCfg = Debug|Any CPU
		{FF420BC7-F764-4668-9089-9F5FC2B682AF}.Debug|Any CPU.Build.0 = Debug|Any CPU
		{FF420BC7-F764-4668-9089-9F5FC2B682AF}.Release|Any CPU.ActiveCfg = Release|Any CPU
		{FF420BC7-F764-4668-9089-9F5FC2B682AF}.Release|Any CPU.Build.0 = Release|Any CPU
	EndGlobalSection
	GlobalSection(SolutionProperties) = preSolution
		HideSolutionNode = FALSE
	EndGlobalSection
	GlobalSection(ExtensibilityGlobals) = postSolution
		SolutionGuid = {D3C20757-ECF0-4058-AAD1-6923973024FC}
	EndGlobalSection
EndGlobal
